<?xml version="1.0" encoding="utf-8"?>
<Project ToolsVersion="4.0" xmlns="http://schemas.microsoft.com/developer/msbuild/2003">
  <ItemGroup>
    <Filter Include="源文件">
      <UniqueIdentifier>{4FC737F1-C7A5-4376-A066-2A32D752A2FF}</UniqueIdentifier>
      <Extensions>cpp;c;cc;cxx;c++;cppm;ixx;def;odl;idl;hpj;bat;asm;asmx</Extensions>
    </Filter>
    <Filter Include="头文件">
      <UniqueIdentifier>{93995380-89BD-4b04-88EB-625FBE52EBFB}</UniqueIdentifier>
      <Extensions>h;hh;hpp;hxx;h++;hm;inl;inc;ipp;xsd</Extensions>
    </Filter>
    <Filter Include="资源文件">
      <UniqueIdentifier>{67DA6AB6-F800-4c08-8B7A-83BB121AAD01}</UniqueIdentifier>
      <Extensions>rc;ico;cur;bmp;dlg;rc2;rct;bin;rgs;gif;jpg;jpeg;jpe;resx;tiff;tif;png;wav;mfcribbon-ms</Extensions>
    </Filter>
    <Filter Include="源文件\Exp01">
      <UniqueIdentifier>{bfb623c3-a440-481b-9353-50332e876179}</UniqueIdentifier>
    </Filter>
    <Filter Include="源文件\Exp02">
      <UniqueIdentifier>{1f28378f-599e-4f51-b574-c35b5292440e}</UniqueIdentifier>
    </Filter>
    <Filter Include="源文件\Exp03">
      <UniqueIdentifier>{d278b583-e62e-4272-a837-f6333020ac1e}</UniqueIdentifier>
    </Filter>
    <Filter Include="源文件\Test">
      <UniqueIdentifier>{80b5ab60-fec7-48a0-8f96-47c3f38d9127}</UniqueIdentifier>
    </Filter>
    <Filter Include="源文件\Exp04">
      <UniqueIdentifier>{40f6b39e-12e0-468f-bf22-2ac31eeaeefa}</UniqueIdentifier>
    </Filter>
  </ItemGroup>
  <ItemGroup>
    <ClCompile Include="main.cpp">
      <Filter>源文件</Filter>
    </ClCompile>
    <ClCompile Include="Bresenham.cpp">
      <Filter>源文件\Exp01</Filter>
    </ClCompile>
    <ClCompile Include="Mid_Bresenham.cpp">
      <Filter>源文件\Exp01</Filter>
    </ClCompile>
    <ClCompile Include="Mid_BresenhamCircle.cpp">
      <Filter>源文件\Exp01</Filter>
    </ClCompile>
    <ClCompile Include="Experience2.cpp">
      <Filter>源文件\Exp02</Filter>
    </ClCompile>
    <ClCompile Include="Clipping.cpp">
      <Filter>源文件\Exp03</Filter>
    </ClCompile>
    <ClCompile Include="test.cpp">
      <Filter>源文件\Test</Filter>
    </ClCompile>
    <ClCompile Include="liang_Barsky.cpp">
      <Filter>源文件\Exp03</Filter>
    </ClCompile>
    <ClCompile Include="Bezier.cpp">
      <Filter>源文件\Exp04</Filter>
    </ClCompile>
  </ItemGroup>
  <ItemGroup>
    <ClInclude Include="OpenGl.h">
      <Filter>源文件</Filter>
    </ClInclude>
  </ItemGroup>
</Project>